<?xml version="1.0" encoding="UTF-8" standalone="yes" ?>
<CodeBlocks_project_file>
	<FileVersion major="1" minor="6" />
	<Project>
		<Option title="fortran-lapack" />
		<Option pch_mode="2" />
		<Option compiler="gcc" />
		<Build>
			<Target title="Debug">
				<Option output="bin/Debug/fortran-lapack" prefix_auto="1" extension_auto="1" />
				<Option working_dir="bin/Debug" />
				<Option object_output="obj/Debug/" />
				<Option type="1" />
				<Option compiler="gcc" />
				<Option use_console_runner="0" />
				<Compiler>
					<Add option="-Wall" />
					<Add option="-g" />
					<Add option="-Wno-maybe-uninitialized" />
				</Compiler>
				<Linker>
					<Add library="gfortran" />
					<Add library="quadmath" />
				</Linker>
			</Target>
			<Target title="Release">
				<Option output="bin/Release/fortran-lapack" prefix_auto="1" extension_auto="1" />
				<Option working_dir="bin/Release" />
				<Option object_output="obj/Release/" />
				<Option type="1" />
				<Option compiler="gcc" />
				<Option use_console_runner="0" />
				<Compiler>
					<Add option="-Wall" />
					<Add option="-O2" />
				</Compiler>
				<Linker>
					<Add option="-s" />
				</Linker>
			</Target>
		</Build>
		<Compiler>
			<Add option="-cpp" />
		</Compiler>
		<ExtraCommands>
			<Add before="`scripts/preprocess.sh`" />
		</ExtraCommands>
		<Unit filename="../src/la_blas.F90">
			<Option weight="8" />
		</Unit>
		<Unit filename="../src/la_blas_aux.f90">
			<Option weight="1" />
		</Unit>
		<Unit filename="../src/la_blas_level1.f90">
			<Option weight="2" />
		</Unit>
		<Unit filename="../src/la_blas_level2_ban.f90">
			<Option weight="2" />
		</Unit>
		<Unit filename="../src/la_blas_level2_gen.f90">
			<Option weight="2" />
		</Unit>
		<Unit filename="../src/la_blas_level2_pac.f90">
			<Option weight="2" />
		</Unit>
		<Unit filename="../src/la_blas_level2_sym.f90">
			<Option weight="2" />
		</Unit>
		<Unit filename="../src/la_blas_level2_tri.f90">
			<Option weight="2" />
		</Unit>
		<Unit filename="../src/la_blas_level3_gen.f90">
			<Option weight="2" />
		</Unit>
		<Unit filename="../src/la_blas_level3_sym.f90">
			<Option weight="2" />
		</Unit>
		<Unit filename="../src/la_blas_level3_tri.f90">
			<Option weight="2" />
		</Unit>
		<Unit filename="../src/la_cholesky.f90">
			<Option weight="28" />
		</Unit>
		<Unit filename="../src/la_constants.f90">
			<Option weight="0" />
		</Unit>
		<Unit filename="../src/la_constants_kinds.f90">
			<Option weight="1" />
		</Unit>
		<Unit filename="../src/la_determinant.f90">
			<Option weight="28" />
		</Unit>
		<Unit filename="../src/la_eigs.f90">
			<Option weight="28" />
		</Unit>
		<Unit filename="../src/la_eye.f90">
			<Option weight="28" />
		</Unit>
		<Unit filename="../src/la_inverse.f90">
			<Option weight="28" />
		</Unit>
		<Unit filename="../src/la_lapack.f90">
			<Option weight="27" />
		</Unit>
		<Unit filename="../src/la_lapack_aux.f90">
			<Option weight="10" />
		</Unit>
		<Unit filename="../src/la_lapack_auxiliary.f90">
			<Option weight="10" />
		</Unit>
		<Unit filename="../src/la_lapack_blas_like_base.f90">
			<Option weight="11" />
		</Unit>
		<Unit filename="../src/la_lapack_blas_like_l1.f90">
			<Option weight="11" />
		</Unit>
		<Unit filename="../src/la_lapack_blas_like_l2.f90">
			<Option weight="12" />
		</Unit>
		<Unit filename="../src/la_lapack_blas_like_l3.f90">
			<Option weight="11" />
		</Unit>
		<Unit filename="../src/la_lapack_blas_like_mnorm.f90">
			<Option weight="12" />
		</Unit>
		<Unit filename="../src/la_lapack_blas_like_scalar.f90">
			<Option weight="11" />
		</Unit>
		<Unit filename="../src/la_lapack_c.f90">
			<Option weight="22" />
		</Unit>
		<Unit filename="../src/la_lapack_cosine_sine.f90">
			<Option weight="15" />
		</Unit>
		<Unit filename="../src/la_lapack_d.f90">
			<Option weight="23" />
		</Unit>
		<Unit filename="../src/la_lapack_eigv_comp.f90">
			<Option weight="16" />
		</Unit>
		<Unit filename="../src/la_lapack_eigv_comp2.f90">
			<Option weight="16" />
		</Unit>
		<Unit filename="../src/la_lapack_eigv_gen.f90">
			<Option weight="19" />
		</Unit>
		<Unit filename="../src/la_lapack_eigv_gen2.f90">
			<Option weight="18" />
		</Unit>
		<Unit filename="../src/la_lapack_eigv_gen3.f90">
			<Option weight="17" />
		</Unit>
		<Unit filename="../src/la_lapack_eigv_gen_aux.f90">
			<Option weight="13" />
		</Unit>
		<Unit filename="../src/la_lapack_eigv_gen_hess.f90">
			<Option weight="14" />
		</Unit>
		<Unit filename="../src/la_lapack_eigv_svd_bidiag_dc.f90">
			<Option weight="17" />
		</Unit>
		<Unit filename="../src/la_lapack_eigv_svd_drivers.f90">
			<Option weight="16" />
		</Unit>
		<Unit filename="../src/la_lapack_eigv_svd_drivers2.f90">
			<Option weight="18" />
		</Unit>
		<Unit filename="../src/la_lapack_eigv_sym.F90">
			<Option weight="18" />
		</Unit>
		<Unit filename="../src/la_lapack_eigv_sym_comp.f90">
			<Option weight="15" />
		</Unit>
		<Unit filename="../src/la_lapack_eigv_tridiag.f90">
			<Option weight="16" />
		</Unit>
		<Unit filename="../src/la_lapack_eigv_tridiag2.f90">
			<Option weight="15" />
		</Unit>
		<Unit filename="../src/la_lapack_eigv_tridiag3.f90">
			<Option weight="17" />
		</Unit>
		<Unit filename="../src/la_lapack_givens_jacobi_rot.f90">
			<Option weight="12" />
		</Unit>
		<Unit filename="../src/la_lapack_householder_reflectors.f90">
			<Option weight="12" />
		</Unit>
		<Unit filename="../src/la_lapack_lsq.f90">
			<Option weight="19" />
		</Unit>
		<Unit filename="../src/la_lapack_lsq_aux.f90">
			<Option weight="18" />
		</Unit>
		<Unit filename="../src/la_lapack_lsq_constrained.f90">
			<Option weight="14" />
		</Unit>
		<Unit filename="../src/la_lapack_orthogonal_factors_ql.f90">
			<Option weight="14" />
		</Unit>
		<Unit filename="../src/la_lapack_orthogonal_factors_qr.f90">
			<Option weight="13" />
		</Unit>
		<Unit filename="../src/la_lapack_orthogonal_factors_rz.f90">
			<Option weight="13" />
		</Unit>
		<Unit filename="../src/la_lapack_others_sm.f90">
			<Option weight="19" />
		</Unit>
		<Unit filename="../src/la_lapack_q.f90">
			<Option weight="25" />
		</Unit>
		<Unit filename="../src/la_lapack_s.f90">
			<Option weight="21" />
		</Unit>
		<Unit filename="../src/la_lapack_solve_aux.f90">
			<Option weight="11" />
		</Unit>
		<Unit filename="../src/la_lapack_solve_chol.f90">
			<Option weight="20" />
		</Unit>
		<Unit filename="../src/la_lapack_solve_chol_comp.f90">
			<Option weight="14" />
		</Unit>
		<Unit filename="../src/la_lapack_solve_ldl.f90">
			<Option weight="20" />
		</Unit>
		<Unit filename="../src/la_lapack_solve_ldl_comp.f90">
			<Option weight="17" />
		</Unit>
		<Unit filename="../src/la_lapack_solve_ldl_comp2.f90">
			<Option weight="16" />
		</Unit>
		<Unit filename="../src/la_lapack_solve_ldl_comp3.f90">
			<Option weight="18" />
		</Unit>
		<Unit filename="../src/la_lapack_solve_ldl_comp4.f90">
			<Option weight="19" />
		</Unit>
		<Unit filename="../src/la_lapack_solve_lu.f90">
			<Option weight="15" />
		</Unit>
		<Unit filename="../src/la_lapack_solve_lu_comp.f90">
			<Option weight="14" />
		</Unit>
		<Unit filename="../src/la_lapack_solve_tri_comp.f90">
			<Option weight="13" />
		</Unit>
		<Unit filename="../src/la_lapack_svd_bidiag_qr.f90">
			<Option weight="14" />
		</Unit>
		<Unit filename="../src/la_lapack_svd_comp.f90">
			<Option weight="15" />
		</Unit>
		<Unit filename="../src/la_lapack_svd_comp2.f90">
			<Option weight="13" />
		</Unit>
		<Unit filename="../src/la_lapack_w.f90">
			<Option weight="26" />
		</Unit>
		<Unit filename="../src/la_lapack_z.f90">
			<Option weight="24" />
		</Unit>
		<Unit filename="../src/la_least_squares.f90">
			<Option weight="28" />
		</Unit>
		<Unit filename="../src/la_norms.f90">
			<Option weight="28" />
		</Unit>
		<Unit filename="../src/la_pca.f90">
			<Option weight="0" />
		</Unit>
		<Unit filename="../src/la_pinv.f90">
			<Option weight="29" />
		</Unit>
		<Unit filename="../src/la_qr.f90">
			<Option weight="28" />
		</Unit>
		<Unit filename="../src/la_schur.f90">
			<Option weight="28" />
		</Unit>
		<Unit filename="../src/la_solve.f90">
			<Option weight="28" />
		</Unit>
		<Unit filename="../src/la_state.f90">
			<Option weight="1" />
		</Unit>
		<Unit filename="../src/la_svd.f90">
			<Option weight="28" />
		</Unit>
		<Unit filename="../src/linear_algebra.f90">
			<Option weight="30" />
		</Unit>
		<Unit filename="../test/la_tests.f90">
			<Option weight="32" />
		</Unit>
		<Unit filename="../test/test_la_aux.f90">
			<Option weight="31" />
		</Unit>
		<Unit filename="../test/test_la_determinant.f90">
			<Option weight="31" />
		</Unit>
		<Unit filename="../test/test_la_eigs.f90">
			<Option weight="31" />
		</Unit>
		<Unit filename="../test/test_la_eye.f90">
			<Option weight="31" />
		</Unit>
		<Unit filename="../test/test_la_inverse.f90">
			<Option weight="31" />
		</Unit>
		<Unit filename="../test/test_la_least_squares.f90">
			<Option weight="31" />
		</Unit>
		<Unit filename="../test/test_la_norms.f90">
			<Option weight="31" />
		</Unit>
		<Unit filename="../test/test_la_pinv.f90">
			<Option weight="31" />
		</Unit>
		<Unit filename="../test/test_la_qr.f90">
			<Option weight="31" />
		</Unit>
		<Unit filename="../test/test_la_schur.f90">
			<Option weight="31" />
		</Unit>
		<Unit filename="../test/test_la_solve.f90">
			<Option weight="31" />
		</Unit>
		<Unit filename="../test/test_la_svd.f90">
			<Option weight="31" />
		</Unit>
		<Unit filename="doxygen/Doxyfile" />
		<Extensions>
			<DoxyBlocks>
				<comment_style block="2" line="3" />
				<doxyfile_project />
				<doxyfile_build extract_all="1" />
				<doxyfile_warnings />
				<doxyfile_output latex="1" />
				<doxyfile_dot />
				<general />
			</DoxyBlocks>
		</Extensions>
	</Project>
</CodeBlocks_project_file>
